// !$*UTF8*$!
{
	archiveVersion = 1;
	classes = {
	};
	objectVersion = 46;
	objects = {

/* Begin PBXBuildFile section */
		736B30F818BA8A6E000D9763 /* Foundation.framework in Frameworks */ = {isa = PBXBuildFile; fileRef = 736B30F718BA8A6E000D9763 /* Foundation.framework */; };
		736B30FA18BA8A6E000D9763 /* CoreGraphics.framework in Frameworks */ = {isa = PBXBuildFile; fileRef = 736B30F918BA8A6E000D9763 /* CoreGraphics.framework */; };
		736B30FC18BA8A6E000D9763 /* UIKit.framework in Frameworks */ = {isa = PBXBuildFile; fileRef = 736B30FB18BA8A6E000D9763 /* UIKit.framework */; };
		736B310218BA8A6E000D9763 /* InfoPlist.strings in Resources */ = {isa = PBXBuildFile; fileRef = 736B310018BA8A6E000D9763 /* InfoPlist.strings */; };
		736B310418BA8A6E000D9763 /* main.m in Sources */ = {isa = PBXBuildFile; fileRef = 736B310318BA8A6E000D9763 /* main.m */; };
		736B310818BA8A6E000D9763 /* PlaygroundAppDelegate.m in Sources */ = {isa = PBXBuildFile; fileRef = 736B310718BA8A6E000D9763 /* PlaygroundAppDelegate.m */; };
		736B310B18BA8A6E000D9763 /* Main.storyboard in Resources */ = {isa = PBXBuildFile; fileRef = 736B310918BA8A6E000D9763 /* Main.storyboard */; };
		736B310E18BA8A6E000D9763 /* PlaygroundViewController.m in Sources */ = {isa = PBXBuildFile; fileRef = 736B310D18BA8A6E000D9763 /* PlaygroundViewController.m */; };
		736B311018BA8A6E000D9763 /* Images.xcassets in Resources */ = {isa = PBXBuildFile; fileRef = 736B310F18BA8A6E000D9763 /* Images.xcassets */; };
		736B311718BA8A6E000D9763 /* XCTest.framework in Frameworks */ = {isa = PBXBuildFile; fileRef = 736B311618BA8A6E000D9763 /* XCTest.framework */; };
		736B311818BA8A6E000D9763 /* Foundation.framework in Frameworks */ = {isa = PBXBuildFile; fileRef = 736B30F718BA8A6E000D9763 /* Foundation.framework */; };
		736B311918BA8A6E000D9763 /* UIKit.framework in Frameworks */ = {isa = PBXBuildFile; fileRef = 736B30FB18BA8A6E000D9763 /* UIKit.framework */; };
		736B312118BA8A6E000D9763 /* InfoPlist.strings in Resources */ = {isa = PBXBuildFile; fileRef = 736B311F18BA8A6E000D9763 /* InfoPlist.strings */; };
		736B312318BA8A6E000D9763 /* PlaygroundTests.m in Sources */ = {isa = PBXBuildFile; fileRef = 736B312218BA8A6E000D9763 /* PlaygroundTests.m */; };
		736B313F18BA8CE7000D9763 /* angry_birds_cake.jpg in Resources */ = {isa = PBXBuildFile; fileRef = 736B312F18BA8CE7000D9763 /* angry_birds_cake.jpg */; };
		736B314018BA8CE7000D9763 /* creme_brelee.jpg in Resources */ = {isa = PBXBuildFile; fileRef = 736B313018BA8CE7000D9763 /* creme_brelee.jpg */; };
		736B314118BA8CE7000D9763 /* egg_benedict.jpg in Resources */ = {isa = PBXBuildFile; fileRef = 736B313118BA8CE7000D9763 /* egg_benedict.jpg */; };
		736B314218BA8CE7000D9763 /* full_breakfast.jpg in Resources */ = {isa = PBXBuildFile; fileRef = 736B313218BA8CE7000D9763 /* full_breakfast.jpg */; };
		736B314318BA8CE7000D9763 /* green_tea.jpg in Resources */ = {isa = PBXBuildFile; fileRef = 736B313318BA8CE7000D9763 /* green_tea.jpg */; };
		736B314418BA8CE7000D9763 /* ham_and_cheese_panini.jpg in Resources */ = {isa = PBXBuildFile; fileRef = 736B313418BA8CE7000D9763 /* ham_and_cheese_panini.jpg */; };
		736B314518BA8CE7000D9763 /* ham_and_egg_sandwich.jpg in Resources */ = {isa = PBXBuildFile; fileRef = 736B313518BA8CE7000D9763 /* ham_and_egg_sandwich.jpg */; };
		736B314618BA8CE7000D9763 /* hamburger.jpg in Resources */ = {isa = PBXBuildFile; fileRef = 736B313618BA8CE7000D9763 /* hamburger.jpg */; };
		736B314718BA8CE7000D9763 /* instant_noodle_with_egg.jpg in Resources */ = {isa = PBXBuildFile; fileRef = 736B313718BA8CE7000D9763 /* instant_noodle_with_egg.jpg */; };
		736B314818BA8CE7000D9763 /* japanese_noodle_with_pork.jpg in Resources */ = {isa = PBXBuildFile; fileRef = 736B313818BA8CE7000D9763 /* japanese_noodle_with_pork.jpg */; };
		736B314918BA8CE7000D9763 /* mushroom_risotto.jpg in Resources */ = {isa = PBXBuildFile; fileRef = 736B313918BA8CE7000D9763 /* mushroom_risotto.jpg */; };
		736B314A18BA8CE7000D9763 /* noodle_with_bbq_pork.jpg in Resources */ = {isa = PBXBuildFile; fileRef = 736B313A18BA8CE7000D9763 /* noodle_with_bbq_pork.jpg */; };
		736B314B18BA8CE7000D9763 /* starbucks_coffee.jpg in Resources */ = {isa = PBXBuildFile; fileRef = 736B313B18BA8CE7000D9763 /* starbucks_coffee.jpg */; };
		736B314C18BA8CE7000D9763 /* thai_shrimp_cake.jpg in Resources */ = {isa = PBXBuildFile; fileRef = 736B313C18BA8CE7000D9763 /* thai_shrimp_cake.jpg */; };
		736B314D18BA8CE7000D9763 /* vegetable_curry.jpg in Resources */ = {isa = PBXBuildFile; fileRef = 736B313D18BA8CE7000D9763 /* vegetable_curry.jpg */; };
		736B314E18BA8CE7000D9763 /* white_chocolate_donut.jpg in Resources */ = {isa = PBXBuildFile; fileRef = 736B313E18BA8CE7000D9763 /* white_chocolate_donut.jpg */; };
		736B315018BA8DF4000D9763 /* Parse.framework in Frameworks */ = {isa = PBXBuildFile; fileRef = 736B314F18BA8DF4000D9763 /* Parse.framework */; };
		736B315218BA8E8E000D9763 /* AudioToolbox.framework in Frameworks */ = {isa = PBXBuildFile; fileRef = 736B315118BA8E8E000D9763 /* AudioToolbox.framework */; };
		736B315418BA8E91000D9763 /* CFNetwork.framework in Frameworks */ = {isa = PBXBuildFile; fileRef = 736B315318BA8E91000D9763 /* CFNetwork.framework */; };
		736B315618BA8E99000D9763 /* CoreLocation.framework in Frameworks */ = {isa = PBXBuildFile; fileRef = 736B315518BA8E99000D9763 /* CoreLocation.framework */; };
		736B315818BA8E9D000D9763 /* libz.dylib in Frameworks */ = {isa = PBXBuildFile; fileRef = 736B315718BA8E9D000D9763 /* libz.dylib */; };
		736B315A18BA8EA0000D9763 /* MobileCoreServices.framework in Frameworks */ = {isa = PBXBuildFile; fileRef = 736B315918BA8EA0000D9763 /* MobileCoreServices.framework */; };
		736B315C18BA8EA4000D9763 /* QuartzCore.framework in Frameworks */ = {isa = PBXBuildFile; fileRef = 736B315B18BA8EA4000D9763 /* QuartzCore.framework */; };
		736B315E18BA8EA9000D9763 /* Security.framework in Frameworks */ = {isa = PBXBuildFile; fileRef = 736B315D18BA8EA9000D9763 /* Security.framework */; };
		736B316018BA8EAC000D9763 /* StoreKit.framework in Frameworks */ = {isa = PBXBuildFile; fileRef = 736B315F18BA8EAC000D9763 /* StoreKit.framework */; };
		736B316218BA8EB1000D9763 /* SystemConfiguration.framework in Frameworks */ = {isa = PBXBuildFile; fileRef = 736B316118BA8EB1000D9763 /* SystemConfiguration.framework */; };
		736B316418BA8F49000D9763 /* TableCell.xib in Resources */ = {isa = PBXBuildFile; fileRef = 736B316318BA8F49000D9763 /* TableCell.xib */; };
		736B316718BA90D7000D9763 /* TableCell.m in Sources */ = {isa = PBXBuildFile; fileRef = 736B316618BA90D7000D9763 /* TableCell.m */; };
/* End PBXBuildFile section */

/* Begin PBXContainerItemProxy section */
		736B311A18BA8A6E000D9763 /* PBXContainerItemProxy */ = {
			isa = PBXContainerItemProxy;
			containerPortal = 736B30EC18BA8A6E000D9763 /* Project object */;
			proxyType = 1;
			remoteGlobalIDString = 736B30F318BA8A6E000D9763;
			remoteInfo = Playground;
		};
/* End PBXContainerItemProxy section */

/* Begin PBXFileReference section */
		736B30F418BA8A6E000D9763 /* Playground.app */ = {isa = PBXFileReference; explicitFileType = wrapper.application; includeInIndex = 0; path = Playground.app; sourceTree = BUILT_PRODUCTS_DIR; };
		736B30F718BA8A6E000D9763 /* Foundation.framework */ = {isa = PBXFileReference; lastKnownFileType = wrapper.framework; name = Foundation.framework; path = System/Library/Frameworks/Foundation.framework; sourceTree = SDKROOT; };
		736B30F918BA8A6E000D9763 /* CoreGraphics.framework */ = {isa = PBXFileReference; lastKnownFileType = wrapper.framework; name = CoreGraphics.framework; path = System/Library/Frameworks/CoreGraphics.framework; sourceTree = SDKROOT; };
		736B30FB18BA8A6E000D9763 /* UIKit.framework */ = {isa = PBXFileReference; lastKnownFileType = wrapper.framework; name = UIKit.framework; path = System/Library/Frameworks/UIKit.framework; sourceTree = SDKROOT; };
		736B30FF18BA8A6E000D9763 /* Playground-Info.plist */ = {isa = PBXFileReference; lastKnownFileType = text.plist.xml; path = "Playground-Info.plist"; sourceTree = "<group>"; };
		736B310118BA8A6E000D9763 /* en */ = {isa = PBXFileReference; lastKnownFileType = text.plist.strings; name = en; path = en.lproj/InfoPlist.strings; sourceTree = "<group>"; };
		736B310318BA8A6E000D9763 /* main.m */ = {isa = PBXFileReference; lastKnownFileType = sourcecode.c.objc; path = main.m; sourceTree = "<group>"; };
		736B310518BA8A6E000D9763 /* Playground-Prefix.pch */ = {isa = PBXFileReference; lastKnownFileType = sourcecode.c.h; path = "Playground-Prefix.pch"; sourceTree = "<group>"; };
		736B310618BA8A6E000D9763 /* PlaygroundAppDelegate.h */ = {isa = PBXFileReference; lastKnownFileType = sourcecode.c.h; path = PlaygroundAppDelegate.h; sourceTree = "<group>"; };
		736B310718BA8A6E000D9763 /* PlaygroundAppDelegate.m */ = {isa = PBXFileReference; lastKnownFileType = sourcecode.c.objc; path = PlaygroundAppDelegate.m; sourceTree = "<group>"; };
		736B310A18BA8A6E000D9763 /* Base */ = {isa = PBXFileReference; lastKnownFileType = file.storyboard; name = Base; path = Base.lproj/Main.storyboard; sourceTree = "<group>"; };
		736B310C18BA8A6E000D9763 /* PlaygroundViewController.h */ = {isa = PBXFileReference; lastKnownFileType = sourcecode.c.h; path = PlaygroundViewController.h; sourceTree = "<group>"; };
		736B310D18BA8A6E000D9763 /* PlaygroundViewController.m */ = {isa = PBXFileReference; lastKnownFileType = sourcecode.c.objc; path = PlaygroundViewController.m; sourceTree = "<group>"; };
		736B310F18BA8A6E000D9763 /* Images.xcassets */ = {isa = PBXFileReference; lastKnownFileType = folder.assetcatalog; path = Images.xcassets; sourceTree = "<group>"; };
		736B311518BA8A6E000D9763 /* PlaygroundTests.xctest */ = {isa = PBXFileReference; explicitFileType = wrapper.cfbundle; includeInIndex = 0; path = PlaygroundTests.xctest; sourceTree = BUILT_PRODUCTS_DIR; };
		736B311618BA8A6E000D9763 /* XCTest.framework */ = {isa = PBXFileReference; lastKnownFileType = wrapper.framework; name = XCTest.framework; path = Library/Frameworks/XCTest.framework; sourceTree = DEVELOPER_DIR; };
		736B311E18BA8A6E000D9763 /* PlaygroundTests-Info.plist */ = {isa = PBXFileReference; lastKnownFileType = text.plist.xml; path = "PlaygroundTests-Info.plist"; sourceTree = "<group>"; };
		736B312018BA8A6E000D9763 /* en */ = {isa = PBXFileReference; lastKnownFileType = text.plist.strings; name = en; path = en.lproj/InfoPlist.strings; sourceTree = "<group>"; };
		736B312218BA8A6E000D9763 /* PlaygroundTests.m */ = {isa = PBXFileReference; lastKnownFileType = sourcecode.c.objc; path = PlaygroundTests.m; sourceTree = "<group>"; };
		736B312F18BA8CE7000D9763 /* angry_birds_cake.jpg */ = {isa = PBXFileReference; lastKnownFileType = image.jpeg; name = angry_birds_cake.jpg; path = img/angry_birds_cake.jpg; sourceTree = SOURCE_ROOT; };
		736B313018BA8CE7000D9763 /* creme_brelee.jpg */ = {isa = PBXFileReference; lastKnownFileType = image.jpeg; name = creme_brelee.jpg; path = img/creme_brelee.jpg; sourceTree = SOURCE_ROOT; };
		736B313118BA8CE7000D9763 /* egg_benedict.jpg */ = {isa = PBXFileReference; lastKnownFileType = image.jpeg; name = egg_benedict.jpg; path = img/egg_benedict.jpg; sourceTree = SOURCE_ROOT; };
		736B313218BA8CE7000D9763 /* full_breakfast.jpg */ = {isa = PBXFileReference; lastKnownFileType = image.jpeg; name = full_breakfast.jpg; path = img/full_breakfast.jpg; sourceTree = SOURCE_ROOT; };
		736B313318BA8CE7000D9763 /* green_tea.jpg */ = {isa = PBXFileReference; lastKnownFileType = image.jpeg; name = green_tea.jpg; path = img/green_tea.jpg; sourceTree = SOURCE_ROOT; };
		736B313418BA8CE7000D9763 /* ham_and_cheese_panini.jpg */ = {isa = PBXFileReference; lastKnownFileType = image.jpeg; name = ham_and_cheese_panini.jpg; path = img/ham_and_cheese_panini.jpg; sourceTree = SOURCE_ROOT; };
		736B313518BA8CE7000D9763 /* ham_and_egg_sandwich.jpg */ = {isa = PBXFileReference; lastKnownFileType = image.jpeg; name = ham_and_egg_sandwich.jpg; path = img/ham_and_egg_sandwich.jpg; sourceTree = SOURCE_ROOT; };
		736B313618BA8CE7000D9763 /* hamburger.jpg */ = {isa = PBXFileReference; lastKnownFileType = image.jpeg; name = hamburger.jpg; path = img/hamburger.jpg; sourceTree = SOURCE_ROOT; };
		736B313718BA8CE7000D9763 /* instant_noodle_with_egg.jpg */ = {isa = PBXFileReference; lastKnownFileType = image.jpeg; name = instant_noodle_with_egg.jpg; path = img/instant_noodle_with_egg.jpg; sourceTree = SOURCE_ROOT; };
		736B313818BA8CE7000D9763 /* japanese_noodle_with_pork.jpg */ = {isa = PBXFileReference; lastKnownFileType = image.jpeg; name = japanese_noodle_with_pork.jpg; path = img/japanese_noodle_with_pork.jpg; sourceTree = SOURCE_ROOT; };
		736B313918BA8CE7000D9763 /* mushroom_risotto.jpg */ = {isa = PBXFileReference; lastKnownFileType = image.jpeg; name = mushroom_risotto.jpg; path = img/mushroom_risotto.jpg; sourceTree = SOURCE_ROOT; };
		736B313A18BA8CE7000D9763 /* noodle_with_bbq_pork.jpg */ = {isa = PBXFileReference; lastKnownFileType = image.jpeg; name = noodle_with_bbq_pork.jpg; path = img/noodle_with_bbq_pork.jpg; sourceTree = SOURCE_ROOT; };
		736B313B18BA8CE7000D9763 /* starbucks_coffee.jpg */ = {isa = PBXFileReference; lastKnownFileType = image.jpeg; name = starbucks_coffee.jpg; path = img/starbucks_coffee.jpg; sourceTree = SOURCE_ROOT; };
		736B313C18BA8CE7000D9763 /* thai_shrimp_cake.jpg */ = {isa = PBXFileReference; lastKnownFileType = image.jpeg; name = thai_shrimp_cake.jpg; path = img/thai_shrimp_cake.jpg; sourceTree = SOURCE_ROOT; };
		736B313D18BA8CE7000D9763 /* vegetable_curry.jpg */ = {isa = PBXFileReference; lastKnownFileType = image.jpeg; name = vegetable_curry.jpg; path = img/vegetable_curry.jpg; sourceTree = SOURCE_ROOT; };
		736B313E18BA8CE7000D9763 /* white_chocolate_donut.jpg */ = {isa = PBXFileReference; lastKnownFileType = image.jpeg; name = white_chocolate_donut.jpg; path = img/white_chocolate_donut.jpg; sourceTree = SOURCE_ROOT; };
		736B314F18BA8DF4000D9763 /* Parse.framework */ = {isa = PBXFileReference; lastKnownFileType = wrapper.framework; path = Parse.framework; sourceTree = "<group>"; };
		736B315118BA8E8E000D9763 /* AudioToolbox.framework */ = {isa = PBXFileReference; lastKnownFileType = wrapper.framework; name = AudioToolbox.framework; path = System/Library/Frameworks/AudioToolbox.framework; sourceTree = SDKROOT; };
		736B315318BA8E91000D9763 /* CFNetwork.framework */ = {isa = PBXFileReference; lastKnownFileType = wrapper.framework; name = CFNetwork.framework; path = System/Library/Frameworks/CFNetwork.framework; sourceTree = SDKROOT; };
		736B315518BA8E99000D9763 /* CoreLocation.framework */ = {isa = PBXFileReference; lastKnownFileType = wrapper.framework; name = CoreLocation.framework; path = System/Library/Frameworks/CoreLocation.framework; sourceTree = SDKROOT; };
		736B315718BA8E9D000D9763 /* libz.dylib */ = {isa = PBXFileReference; lastKnownFileType = "compiled.mach-o.dylib"; name = libz.dylib; path = usr/lib/libz.dylib; sourceTree = SDKROOT; };
		736B315918BA8EA0000D9763 /* MobileCoreServices.framework */ = {isa = PBXFileReference; lastKnownFileType = wrapper.framework; name = MobileCoreServices.framework; path = System/Library/Frameworks/MobileCoreServices.framework; sourceTree = SDKROOT; };
		736B315B18BA8EA4000D9763 /* QuartzCore.framework */ = {isa = PBXFileReference; lastKnownFileType = wrapper.framework; name = QuartzCore.framework; path = System/Library/Frameworks/QuartzCore.framework; sourceTree = SDKROOT; };
		736B315D18BA8EA9000D9763 /* Security.framework */ = {isa = PBXFileReference; lastKnownFileType = wrapper.framework; name = Security.framework; path = System/Library/Frameworks/Security.framework; sourceTree = SDKROOT; };
		736B315F18BA8EAC000D9763 /* StoreKit.framework */ = {isa = PBXFileReference; lastKnownFileType = wrapper.framework; name = StoreKit.framework; path = System/Library/Frameworks/StoreKit.framework; sourceTree = SDKROOT; };
		736B316118BA8EB1000D9763 /* SystemConfiguration.framework */ = {isa = PBXFileReference; lastKnownFileType = wrapper.framework; name = SystemConfiguration.framework; path = System/Library/Frameworks/SystemConfiguration.framework; sourceTree = SDKROOT; };
		736B316318BA8F49000D9763 /* TableCell.xib */ = {isa = PBXFileReference; fileEncoding = 4; lastKnownFileType = file.xib; path = TableCell.xib; sourceTree = "<group>"; };
		736B316518BA90D7000D9763 /* TableCell.h */ = {isa = PBXFileReference; fileEncoding = 4; lastKnownFileType = sourcecode.c.h; path = TableCell.h; sourceTree = "<group>"; };
		736B316618BA90D7000D9763 /* TableCell.m */ = {isa = PBXFileReference; fileEncoding = 4; lastKnownFileType = sourcecode.c.objc; path = TableCell.m; sourceTree = "<group>"; };
/* End PBXFileReference section */

/* Begin PBXFrameworksBuildPhase section */
		736B30F118BA8A6E000D9763 /* Frameworks */ = {
			isa = PBXFrameworksBuildPhase;
			buildActionMask = 2147483647;
			files = (
				736B316218BA8EB1000D9763 /* SystemConfiguration.framework in Frameworks */,
				736B316018BA8EAC000D9763 /* StoreKit.framework in Frameworks */,
				736B315E18BA8EA9000D9763 /* Security.framework in Frameworks */,
				736B315C18BA8EA4000D9763 /* QuartzCore.framework in Frameworks */,
				736B315A18BA8EA0000D9763 /* MobileCoreServices.framework in Frameworks */,
				736B315818BA8E9D000D9763 /* libz.dylib in Frameworks */,
				736B315618BA8E99000D9763 /* CoreLocation.framework in Frameworks */,
				736B30FA18BA8A6E000D9763 /* CoreGraphics.framework in Frameworks */,
				736B315418BA8E91000D9763 /* CFNetwork.framework in Frameworks */,
				736B315218BA8E8E000D9763 /* AudioToolbox.framework in Frameworks */,
				736B30FC18BA8A6E000D9763 /* UIKit.framework in Frameworks */,
				736B315018BA8DF4000D9763 /* Parse.framework in Frameworks */,
				736B30F818BA8A6E000D9763 /* Foundation.framework in Frameworks */,
			);
			runOnlyForDeploymentPostprocessing = 0;
		};
		736B311218BA8A6E000D9763 /* Frameworks */ = {
			isa = PBXFrameworksBuildPhase;
			buildActionMask = 2147483647;
			files = (
				736B311718BA8A6E000D9763 /* XCTest.framework in Frameworks */,
				736B311918BA8A6E000D9763 /* UIKit.framework in Frameworks */,
				736B311818BA8A6E000D9763 /* Foundation.framework in Frameworks */,
			);
			runOnlyForDeploymentPostprocessing = 0;
		};
/* End PBXFrameworksBuildPhase section */

/* Begin PBXGroup section */
		736B30EB18BA8A6E000D9763 = {
			isa = PBXGroup;
			children = (
				736B30FD18BA8A6E000D9763 /* Playground */,
				736B311C18BA8A6E000D9763 /* PlaygroundTests */,
				736B30F618BA8A6E000D9763 /* Frameworks */,
				736B30F518BA8A6E000D9763 /* Products */,
			);
			sourceTree = "<group>";
		};
		736B30F518BA8A6E000D9763 /* Products */ = {
			isa = PBXGroup;
			children = (
				736B30F418BA8A6E000D9763 /* Playground.app */,
				736B311518BA8A6E000D9763 /* PlaygroundTests.xctest */,
			);
			name = Products;
			sourceTree = "<group>";
		};
		736B30F618BA8A6E000D9763 /* Frameworks */ = {
			isa = PBXGroup;
			children = (
				736B316118BA8EB1000D9763 /* SystemConfiguration.framework */,
				736B315F18BA8EAC000D9763 /* StoreKit.framework */,
				736B315D18BA8EA9000D9763 /* Security.framework */,
				736B315B18BA8EA4000D9763 /* QuartzCore.framework */,
				736B315918BA8EA0000D9763 /* MobileCoreServices.framework */,
				736B315718BA8E9D000D9763 /* libz.dylib */,
				736B315518BA8E99000D9763 /* CoreLocation.framework */,
				736B315318BA8E91000D9763 /* CFNetwork.framework */,
				736B315118BA8E8E000D9763 /* AudioToolbox.framework */,
				736B314F18BA8DF4000D9763 /* Parse.framework */,
				736B30F718BA8A6E000D9763 /* Foundation.framework */,
				736B30F918BA8A6E000D9763 /* CoreGraphics.framework */,
				736B30FB18BA8A6E000D9763 /* UIKit.framework */,
				736B311618BA8A6E000D9763 /* XCTest.framework */,
			);
			name = Frameworks;
			sourceTree = "<group>";
		};
		736B30FD18BA8A6E000D9763 /* Playground */ = {
			isa = PBXGroup;
			children = (
				736B310618BA8A6E000D9763 /* PlaygroundAppDelegate.h */,
				736B310718BA8A6E000D9763 /* PlaygroundAppDelegate.m */,
				736B310918BA8A6E000D9763 /* Main.storyboard */,
				736B316318BA8F49000D9763 /* TableCell.xib */,
				736B316518BA90D7000D9763 /* TableCell.h */,
				736B316618BA90D7000D9763 /* TableCell.m */,
				736B310C18BA8A6E000D9763 /* PlaygroundViewController.h */,
				736B310D18BA8A6E000D9763 /* PlaygroundViewController.m */,
				736B310F18BA8A6E000D9763 /* Images.xcassets */,
				736B30FE18BA8A6E000D9763 /* Supporting Files */,
			);
			path = Playground;
			sourceTree = "<group>";
		};
		736B30FE18BA8A6E000D9763 /* Supporting Files */ = {
			isa = PBXGroup;
			children = (
				736B312E18BA8CD5000D9763 /* img */,
				736B30FF18BA8A6E000D9763 /* Playground-Info.plist */,
				736B310018BA8A6E000D9763 /* InfoPlist.strings */,
				736B310318BA8A6E000D9763 /* main.m */,
				736B310518BA8A6E000D9763 /* Playground-Prefix.pch */,
			);
			name = "Supporting Files";
			sourceTree = "<group>";
		};
		736B311C18BA8A6E000D9763 /* PlaygroundTests */ = {
			isa = PBXGroup;
			children = (
				736B312218BA8A6E000D9763 /* PlaygroundTests.m */,
				736B311D18BA8A6E000D9763 /* Supporting Files */,
			);
			path = PlaygroundTests;
			sourceTree = "<group>";
		};
		736B311D18BA8A6E000D9763 /* Supporting Files */ = {
			isa = PBXGroup;
			children = (
				736B311E18BA8A6E000D9763 /* PlaygroundTests-Info.plist */,
				736B311F18BA8A6E000D9763 /* InfoPlist.strings */,
			);
			name = "Supporting Files";
			sourceTree = "<group>";
		};
		736B312E18BA8CD5000D9763 /* img */ = {
			isa = PBXGroup;
			children = (
				736B312F18BA8CE7000D9763 /* angry_birds_cake.jpg */,
				736B313018BA8CE7000D9763 /* creme_brelee.jpg */,
				736B313118BA8CE7000D9763 /* egg_benedict.jpg */,
				736B313218BA8CE7000D9763 /* full_breakfast.jpg */,
				736B313318BA8CE7000D9763 /* green_tea.jpg */,
				736B313418BA8CE7000D9763 /* ham_and_cheese_panini.jpg */,
				736B313518BA8CE7000D9763 /* ham_and_egg_sandwich.jpg */,
				736B313618BA8CE7000D9763 /* hamburger.jpg */,
				736B313718BA8CE7000D9763 /* instant_noodle_with_egg.jpg */,
				736B313818BA8CE7000D9763 /* japanese_noodle_with_pork.jpg */,
				736B313918BA8CE7000D9763 /* mushroom_risotto.jpg */,
				736B313A18BA8CE7000D9763 /* noodle_with_bbq_pork.jpg */,
				736B313B18BA8CE7000D9763 /* starbucks_coffee.jpg */,
				736B313C18BA8CE7000D9763 /* thai_shrimp_cake.jpg */,
				736B313D18BA8CE7000D9763 /* vegetable_curry.jpg */,
				736B313E18BA8CE7000D9763 /* white_chocolate_donut.jpg */,
			);
			name = img;
			sourceTree = "<group>";
		};
/* End PBXGroup section */

/* Begin PBXNativeTarget section */
		736B30F318BA8A6E000D9763 /* Playground */ = {
			isa = PBXNativeTarget;
			buildConfigurationList = 736B312618BA8A6E000D9763 /* Build configuration list for PBXNativeTarget "Playground" */;
			buildPhases = (
				736B30F018BA8A6E000D9763 /* Sources */,
				736B30F118BA8A6E000D9763 /* Frameworks */,
				736B30F218BA8A6E000D9763 /* Resources */,
			);
			buildRules = (
			);
			dependencies = (
			);
			name = Playground;
			productName = Playground;
			productReference = 736B30F418BA8A6E000D9763 /* Playground.app */;
			productType = "com.apple.product-type.application";
		};
		736B311418BA8A6E000D9763 /* PlaygroundTests */ = {
			isa = PBXNativeTarget;
			buildConfigurationList = 736B312918BA8A6E000D9763 /* Build configuration list for PBXNativeTarget "PlaygroundTests" */;
			buildPhases = (
				736B311118BA8A6E000D9763 /* Sources */,
				736B311218BA8A6E000D9763 /* Frameworks */,
				736B311318BA8A6E000D9763 /* Resources */,
			);
			buildRules = (
			);
			dependencies = (
				736B311B18BA8A6E000D9763 /* PBXTargetDependency */,
			);
			name = PlaygroundTests;
			productName = PlaygroundTests;
			productReference = 736B311518BA8A6E000D9763 /* PlaygroundTests.xctest */;
			productType = "com.apple.product-type.bundle.unit-test";
		};
/* End PBXNativeTarget section */

/* Begin PBXProject section */
		736B30EC18BA8A6E000D9763 /* Project object */ = {
			isa = PBXProject;
			attributes = {
				CLASSPREFIX = Playground;
				LastUpgradeCheck = 0500;
				ORGANIZATIONNAME = "Lulu Tang";
				TargetAttributes = {
					736B311418BA8A6E000D9763 = {
						TestTargetID = 736B30F318BA8A6E000D9763;
					};
				};
			};
			buildConfigurationList = 736B30EF18BA8A6E000D9763 /* Build configuration list for PBXProject "Playground" */;
			compatibilityVersion = "Xcode 3.2";
			developmentRegion = English;
			hasScannedForEncodings = 0;
			knownRegions = (
				en,
				Base,
			);
			mainGroup = 736B30EB18BA8A6E000D9763;
			productRefGroup = 736B30F518BA8A6E000D9763 /* Products */;
			projectDirPath = "";
			projectRoot = "";
			targets = (
				736B30F318BA8A6E000D9763 /* Playground */,
				736B311418BA8A6E000D9763 /* PlaygroundTests */,
			);
		};
/* End PBXProject section */

/* Begin PBXResourcesBuildPhase section */
		736B30F218BA8A6E000D9763 /* Resources */ = {
			isa = PBXResourcesBuildPhase;
			buildActionMask = 2147483647;
			files = (
				736B314218BA8CE7000D9763 /* full_breakfast.jpg in Resources */,
				736B311018BA8A6E000D9763 /* Images.xcassets in Resources */,
				736B314018BA8CE7000D9763 /* creme_brelee.jpg in Resources */,
				736B314D18BA8CE7000D9763 /* vegetable_curry.jpg in Resources */,
				736B314C18BA8CE7000D9763 /* thai_shrimp_cake.jpg in Resources */,
				736B310218BA8A6E000D9763 /* InfoPlist.strings in Resources */,
				736B314E18BA8CE7000D9763 /* white_chocolate_donut.jpg in Resources */,
				736B314718BA8CE7000D9763 /* instant_noodle_with_egg.jpg in Resources */,
				736B314618BA8CE7000D9763 /* hamburger.jpg in Resources */,
				736B314A18BA8CE7000D9763 /* noodle_with_bbq_pork.jpg in Resources */,
				736B313F18BA8CE7000D9763 /* angry_birds_cake.jpg in Resources */,
				736B310B18BA8A6E000D9763 /* Main.storyboard in Resources */,
				736B314418BA8CE7000D9763 /* ham_and_cheese_panini.jpg in Resources */,
				736B314318BA8CE7000D9763 /* green_tea.jpg in Resources */,
				736B316418BA8F49000D9763 /* TableCell.xib in Resources */,
				736B314918BA8CE7000D9763 /* mushroom_risotto.jpg in Resources */,
				736B314B18BA8CE7000D9763 /* starbucks_coffee.jpg in Resources */,
				736B314118BA8CE7000D9763 /* egg_benedict.jpg in Resources */,
				736B314518BA8CE7000D9763 /* ham_and_egg_sandwich.jpg in Resources */,
				736B314818BA8CE7000D9763 /* japanese_noodle_with_pork.jpg in Resources */,
			);
			runOnlyForDeploymentPostprocessing = 0;
		};
		736B311318BA8A6E000D9763 /* Resources */ = {
			isa = PBXResourcesBuildPhase;
			buildActionMask = 2147483647;
			files = (
				736B312118BA8A6E000D9763 /* InfoPlist.strings in Resources */,
			);
			runOnlyForDeploymentPostprocessing = 0;
		};
/* End PBXResourcesBuildPhase section */

/* Begin PBXSourcesBuildPhase section */
		736B30F018BA8A6E000D9763 /* Sources */ = {
			isa = PBXSourcesBuildPhase;
			buildActionMask = 2147483647;
			files = (
				736B310418BA8A6E000D9763 /* main.m in Sources */,
				736B310818BA8A6E000D9763 /* PlaygroundAppDelegate.m in Sources */,
				736B316718BA90D7000D9763 /* TableCell.m in Sources */,
				736B310E18BA8A6E000D9763 /* PlaygroundViewController.m in Sources */,
			);
			runOnlyForDeploymentPostprocessing = 0;
		};
		736B311118BA8A6E000D9763 /* Sources */ = {
			isa = PBXSourcesBuildPhase;
			buildActionMask = 2147483647;
			files = (
				736B312318BA8A6E000D9763 /* PlaygroundTests.m in Sources */,
			);
			runOnlyForDeploymentPostprocessing = 0;
		};
/* End PBXSourcesBuildPhase section */

/* Begin PBXTargetDependency section */
		736B311B18BA8A6E000D9763 /* PBXTargetDependency */ = {
			isa = PBXTargetDependency;
			target = 736B30F318BA8A6E000D9763 /* Playground */;
			targetProxy = 736B311A18BA8A6E000D9763 /* PBXContainerItemProxy */;
		};
/* End PBXTargetDependency section */

/* Begin PBXVariantGroup section */
		736B310018BA8A6E000D9763 /* InfoPlist.strings */ = {
			isa = PBXVariantGroup;
			children = (
				736B310118BA8A6E000D9763 /* en */,
			);
			name = InfoPlist.strings;
			sourceTree = "<group>";
		};
		736B310918BA8A6E000D9763 /* Main.storyboard */ = {
			isa = PBXVariantGroup;
			children = (
				736B310A18BA8A6E000D9763 /* Base */,
			);
			name = Main.storyboard;
			sourceTree = "<group>";
		};
		736B311F18BA8A6E000D9763 /* InfoPlist.strings */ = {
			isa = PBXVariantGroup;
			children = (
				736B312018BA8A6E000D9763 /* en */,
			);
			name = InfoPlist.strings;
			sourceTree = "<group>";
		};
/* End PBXVariantGroup section */

/* Begin XCBuildConfiguration section */
		736B312418BA8A6E000D9763 /* Debug */ = {
			isa = XCBuildConfiguration;
			buildSettings = {
				ALWAYS_SEARCH_USER_PATHS = NO;
				ARCHS = "$(ARCHS_STANDARD_INCLUDING_64_BIT)";
				CLANG_CXX_LANGUAGE_STANDARD = "gnu++0x";
				CLANG_CXX_LIBRARY = "libc++";
				CLANG_ENABLE_MODULES = YES;
				CLANG_ENABLE_OBJC_ARC = YES;
				CLANG_WARN_BOOL_CONVERSION = YES;
				CLANG_WARN_CONSTANT_CONVERSION = YES;
				CLANG_WARN_DIRECT_OBJC_ISA_USAGE = YES_ERROR;
				CLANG_WARN_EMPTY_BODY = YES;
				CLANG_WARN_ENUM_CONVERSION = YES;
				CLANG_WARN_INT_CONVERSION = YES;
				CLANG_WARN_OBJC_ROOT_CLASS = YES_ERROR;
				CLANG_WARN__DUPLICATE_METHOD_MATCH = YES;
				"CODE_SIGN_IDENTITY[sdk=iphoneos*]" = "iPhone Developer";
				COPY_PHASE_STRIP = NO;
				GCC_C_LANGUAGE_STANDARD = gnu99;
				GCC_DYNAMIC_NO_PIC = NO;
				GCC_OPTIMIZATION_LEVEL = 0;
				GCC_PREPROCESSOR_DEFINITIONS = (
					"DEBUG=1",
					"$(inherited)",
				);
				GCC_SYMBOLS_PRIVATE_EXTERN = NO;
				GCC_WARN_64_TO_32_BIT_CONVERSION = YES;
				GCC_WARN_ABOUT_RETURN_TYPE = YES_ERROR;
				GCC_WARN_UNDECLARED_SELECTOR = YES;
				GCC_WARN_UNINITIALIZED_AUTOS = YES;
				GCC_WARN_UNUSED_FUNCTION = YES;
				GCC_WARN_UNUSED_VARIABLE = YES;
				IPHONEOS_DEPLOYMENT_TARGET = 7.0;
				ONLY_ACTIVE_ARCH = YES;
				SDKROOT = iphoneos;
			};
			name = Debug;
		};
		736B312518BA8A6E000D9763 /* Release */ = {
			isa = XCBuildConfiguration;
			buildSettings = {
				ALWAYS_SEARCH_USER_PATHS = NO;
				ARCHS = "$(ARCHS_STANDARD_INCLUDING_64_BIT)";
				CLANG_CXX_LANGUAGE_STANDARD = "gnu++0x";
				CLANG_CXX_LIBRARY = "libc++";
				CLANG_ENABLE_MODULES = YES;
				CLANG_ENABLE_OBJC_ARC = YES;
				CLANG_WARN_BOOL_CONVERSION = YES;
				CLANG_WARN_CONSTANT_CONVERSION = YES;
				CLANG_WARN_DIRECT_OBJC_ISA_USAGE = YES_ERROR;
				CLANG_WARN_EMPTY_BODY = YES;
				CLANG_WARN_ENUM_CONVERSION = YES;
				CLANG_WARN_INT_CONVERSION = YES;
				CLANG_WARN_OBJC_ROOT_CLASS = YES_ERROR;
				CLANG_WARN__DUPLICATE_METHOD_MATCH = YES;
				"CODE_SIGN_IDENTITY[sdk=iphoneos*]" = "iPhone Developer";
				COPY_PHASE_STRIP = YES;
				ENABLE_NS_ASSERTIONS = NO;
				GCC_C_LANGUAGE_STANDARD = gnu99;
				GCC_WARN_64_TO_32_BIT_CONVERSION = YES;
				GCC_WARN_ABOUT_RETURN_TYPE = YES_ERROR;
				GCC_WARN_UNDECLARED_SELECTOR = YES;
				GCC_WARN_UNINITIALIZED_AUTOS = YES;
				GCC_WARN_UNUSED_FUNCTION = YES;
				GCC_WARN_UNUSED_VARIABLE = YES;
				IPHONEOS_DEPLOYMENT_TARGET = 7.0;
				SDKROOT = iphoneos;
				VALIDATE_PRODUCT = YES;
			};
			name = Release;
		};
		736B312718BA8A6E000D9763 /* Debug */ = {
			isa = XCBuildConfiguration;
			buildSettings = {
				ASSETCATALOG_COMPILER_APPICON_NAME = AppIcon;
				ASSETCATALOG_COMPILER_LAUNCHIMAGE_NAME = LaunchImage;
				FRAMEWORK_SEARCH_PATHS = (
					"$(inherited)",
					"$(SRCROOT)",
				);
				GCC_PRECOMPILE_PREFIX_HEADER = YES;
				GCC_PREFIX_HEADER = "Playground/Playground-Prefix.pch";
				INFOPLIST_FILE = "Playground/Playground-Info.plist";
				LIBRARY_SEARCH_PATHS = "";
				PRODUCT_NAME = "$(TARGET_NAME)";
				WRAPPER_EXTENSION = app;
			};
			name = Debug;
		};
		736B312818BA8A6E000D9763 /* Release */ = {
			isa = XCBuildConfiguration;
			buildSettings = {
				ASSETCATALOG_COMPILER_APPICON_NAME = AppIcon;
				ASSETCATALOG_COMPILER_LAUNCHIMAGE_NAME = LaunchImage;
				FRAMEWORK_SEARCH_PATHS = (
					"$(inherited)",
					"$(SRCROOT)",
				);
				GCC_PRECOMPILE_PREFIX_HEADER = YES;
				GCC_PREFIX_HEADER = "Playground/Playground-Prefix.pch";
				INFOPLIST_FILE = "Playground/Playground-Info.plist";
				LIBRARY_SEARCH_PATHS = "";
				PRODUCT_NAME = "$(TARGET_NAME)";
				WRAPPER_EXTENSION = app;
			};
			name = Release;
		};
		736B312A18BA8A6E000D9763 /* Debug */ = {
			isa = XCBuildConfiguration;
			buildSettings = {
				ARCHS = "$(ARCHS_STANDARD_INCLUDING_64_BIT)";
				BUNDLE_LOADER = "$(BUILT_PRODUCTS_DIR)/Playground.app/Playground";
				FRAMEWORK_SEARCH_PATHS = (
					"$(SDKROOT)/Developer/Library/Frameworks",
					"$(inherited)",
					"$(DEVELOPER_FRAMEWORKS_DIR)",
				);
				GCC_PRECOMPILE_PREFIX_HEADER = YES;
				GCC_PREFIX_HEADER = "Playground/Playground-Prefix.pch";
				GCC_PREPROCESSOR_DEFINITIONS = (
					"DEBUG=1",
					"$(inherited)",
				);
				INFOPLIST_FILE = "PlaygroundTests/PlaygroundTests-Info.plist";
				PRODUCT_NAME = "$(TARGET_NAME)";
				TEST_HOST = "$(BUNDLE_LOADER)";
				WRAPPER_EXTENSION = xctest;
			};
			name = Debug;
		};
		736B312B18BA8A6E000D9763 /* Release */ = {
			isa = XCBuildConfiguration;
			buildSettings = {
				ARCHS = "$(ARCHS_STANDARD_INCLUDING_64_BIT)";
				BUNDLE_LOADER = "$(BUILT_PRODUCTS_DIR)/Playground.app/Playground";
				FRAMEWORK_SEARCH_PATHS = (
					"$(SDKROOT)/Developer/Library/Frameworks",
					"$(inherited)",
					"$(DEVELOPER_FRAMEWORKS_DIR)",
				);
				GCC_PRECOMPILE_PREFIX_HEADER = YES;
				GCC_PREFIX_HEADER = "Playground/Playground-Prefix.pch";
				INFOPLIST_FILE = "PlaygroundTests/PlaygroundTests-Info.plist";
				PRODUCT_NAME = "$(TARGET_NAME)";
				TEST_HOST = "$(BUNDLE_LOADER)";
				WRAPPER_EXTENSION = xctest;
			};
			name = Release;
		};
/* End XCBuildConfiguration section */

/* Begin XCConfigurationList section */
		736B30EF18BA8A6E000D9763 /* Build configuration list for PBXProject "Playground" */ = {
			isa = XCConfigurationList;
			buildConfigurations = (
				736B312418BA8A6E000D9763 /* Debug */,
				736B312518BA8A6E000D9763 /* Release */,
			);
			defaultConfigurationIsVisible = 0;
			defaultConfigurationName = Release;
		};
		736B312618BA8A6E000D9763 /* Build configuration list for PBXNativeTarget "Playground" */ = {
			isa = XCConfigurationList;
			buildConfigurations = (
				736B312718BA8A6E000D9763 /* Debug */,
				736B312818BA8A6E000D9763 /* Release */,
			);
			defaultConfigurationIsVisible = 0;
			defaultConfigurationName = Release;
		};
		736B312918BA8A6E000D9763 /* Build configuration list for PBXNativeTarget "PlaygroundTests" */ = {
			isa = XCConfigurationList;
			buildConfigurations = (
				736B312A18BA8A6E000D9763 /* Debug */,
				736B312B18BA8A6E000D9763 /* Release */,
			);
			defaultConfigurationIsVisible = 0;
			defaultConfigurationName = Release;
		};
/* End XCConfigurationList section */
	};
	rootObject = 736B30EC18BA8A6E000D9763 /* Project object */;
}
